# 已发布迁移的 sha256（scripts/check-release-invariants.py 守护）：只能追加，不能修改或删除。
# 新增迁移后运行 python3 scripts/check-release-invariants.py --update
e7a646f6bebeffd97b9f208dd4f7777d3699a3151f3e054053c86e9e0c85034e  001_initial.sql
f1f9a222ce895092454a390056c47e2a74f3fb9e646425b3f3bfcd6a3f20f673  002_create_ai_models.sql
6d48c8d9ed80d2b7e7168db7a50e934c2e7748be44a3c026974e6a3e7e4e0a9f  003_insert_ai_data.sql
028883268826886edcc56414b6580e51f28d8a3a7f8659168aa3710a30efead2  004_add_phonics_fields.sql
5c65c6e3a96ba48cff31f436d5ab505a308a025a4b359e68e666d01278ac55e7  005_add_soft_delete.sql
f3278145a63dfa7cb6d6379ada88dd25caa9383f279960a22d28256a135b1dbb  006_add_word_book_status.sql
2d1b418713b06140ea3d8e2da27e47c1cadb81db6c96ef24ac86ff6848ff7108  007_remove_unused_fields.sql
3b43369d7cd231bc6eb8c690a071e2ab59ea459cc1b4291189bc8233c15cdcd5  008_remove_phonetic_field.sql
a1e813e5779fbe968d93b2e957763b521f4de84d12eba4bafebe3df3f699ebc9  009_add_word_books_updated_at.sql
13668ec161a92245cfe2e6587ebc0b66c5e0a29acc9f623f4f291349a62fcd39  010_add_theme_tags.sql
4c60a44aca4de7a12c746ce9441a2ac198ebccbf5fbbd0782ae6f35048720a49  011_add_study_plan_schedule.sql
a4433be825a85a7050b19930135b89c1c599cc3179266b61b906884730b0014b  012_add_study_plan_ai_fields.sql
e2fecc4e071bf73a57826dda8e80427dcdc2b3d45eedfcdb1150e7e6a356b8fa  013_add_basic_progress_fields.sql
91f2f6371efff1c487ec1c4ad91acc14207eb382a6f9b83310ce0db8a2722d9d  014_add_remaining_progress_fields.sql
1d69e26baa4cb35e2ad73a485f6367c012c5cea9590e41a44eab876dc3c0d90f  015_add_study_plan_lifecycle.sql
e1c0a27df411cbe5e74d47ba96c5fa83a38138953f17d487f0b15660051e5904  016_add_terminated_status.sql
79673b39aa0ebb9d26be73e0580daafcdbffd5591364970abf0a064df8811dc1  017_add_study_timer_records.sql
c904422830b5b9ce92d7cbac22d9a8a21cec932923bbb40ef660308c47c0fe57  018_fix_status_values.sql
8617e84da177203542b08cec10b2ca8f4c1a00a3e9bf0c4ec37acd6bbd281e22  019_fix_schedule_words_constraint.sql
b178bd85de2dbd8c43e0d2eedb5237438759a70918b981143310be43b8cb5efa  020_unify_study_plan_status.sql
2b79cbf4e4b367ef6602f81782e6b50a68a50af062164ea23cea7857e3d01629  021_remove_all_constraints.sql
640971e668cb369eda5ab90f193179780b336bf5199016da3f011a6b8f681f29  022_add_word_practice_tables.sql
e60f66f814ed4c0bf21b59ab0ef1bb687b1f50254d71e439bbcd94ec7a8d3f3d  023_remove_lifecycle_status.sql
e37a27049e36c19bf915a8db24ef5888c92fa3e4bdc197c2ba40f668fa1b8aa4  024_add_schedule_statistics.sql
a2df34ef451433453bd2ed7360cc41ceb950d10da496c7c3255b256b48e0b797  025_fix_schedule_words_unique_constraint.sql
f91853daa4328a399b122bee26ab2362327aea265f60a17097403088826de34e  026_create_tts_tables.sql
9521afec3ce839c68975bf1feb20a3cefa36da3728dedb271c3ae6a60fe998b3  027_insert_default_tts_data.sql
5510ff0962b200989397cd2c1de7b0aa2a79583ba54a6d7630244f9af3d22d15  028_create_elevenlabs_config.sql
caec4bb46779ad217356517941acd4d0d8c92db9f7d93b852779da1a3157a2cb  029_update_tts_voices.sql
cbca4496894c017f318001d5852a578eecfb56caba48420ff063a1d59409ba8d  030_cleanup_legacy_tts_tables.sql
a07fc352d08104a0f25bd27ee7c9af52e7c7a5af6a89aa2972a70c04a8944d3d  031_remove_legacy_statistics_fields.sql
713c5dff966536e331a70e98de0cc77362e860b18689f45a7c469f159422afcb  032_add_performance_indexes.sql
fb5c249aaad94b13e92536a62e1a76f839352c565a7684ec429b0fa699697fe8  033_refresh_seed_ai_models.sql
c99773e135f1e7cc72ee60121f39bf565d29d6112f8eee9c6421d48bb76da42b  034_add_volcengine_ark_provider.sql
1a9ac01225aa7290d8b60c43638e0911be43ab7bf0a0934d8e8922a9866da8ad  035_create_volcengine_tts_config.sql
aeb5d22da78aff27444b6fc9990d1af99e4d1750fbfc036881400339478cbe69  036_seed_providers_openrouter_minimax_moonshot_deepseek.sql
49eec5b98b099370e2d578964b26416a39ef42485b0da24dc29db5412381216e  037_fix_kimi_k3_seed_temperature.sql
ee76bd4ebb4b1ea23df1a146c9041c2384ae8b4ed9c3361c9e0cf79332abfa70  038_align_model_config_with_pi.sql
88260572e38614b778f9c59e3ad409ec658e830a61e34bc1f0c82d5c55293f8f  039_backfill_phonics_segments_from_syllables.sql
16ef3ab8a538bf9aaf9ab6e2a80903ab18a7e5d5098d4ad586e1af801a632a20  040_add_word_example_sentence.sql
cc27f636a4907ff31b963cabf10b732890e89f9451c468021dd5aedd656c83c5  041_create_word_examples.sql
2e4f658babf5aef378a3998d95fc4b539f5d1253f6a895554dc88c979ee61514  042_create_word_explanations.sql
a06e582e6a4623fc6a57c70e9f7d6dba63fc8c0f16bafe5afdf4017d8d7cb13d  043_add_word_explanation_prompt_version.sql
459c25caab5d5bbbd7afb98f91ff3664e0a53ee4f1b5c326ce37dee6f25486c2  044_add_practice_record_kind.sql
199c193c17924ee6187f2a3514a520dca6de6beef0339c0ee0b05584af2909d1  045_backfill_schedule_practiced_status.sql
cb1eb7fbdd3f115811dece3d501988c1f78049734b9a9eec6a06411719a7585d  046_srs_memory_state.sql
f2b48bcf018328a0e542ca381bcb0694d0cb3d43b842d5b7b219552859c6a304  047_normalize_instants_to_utc_iso.sql
fc74435fde70e14a36f7aa5e7ae13f1a032cc083cd0244bc590bc1335d0d9a11  048_purge_soft_deleted_study_plans.sql
946a0d59a958c7ce91c175e0622f3413b8192eb0eb32bd644f09212e1a879b6b  049_word_books_drop_draft_status.sql
75a19822623dd00152f26812062cf927da20be622b93fdeab456a829264f21c5  050_create_app_settings.sql
7c8cae7a1ad3b4474de048008c57ec0bbfefe90e75b747b3e2b2fd262ec5197d  051_word_explanations_prompt_fingerprint.sql
147c04e842c044cb66d548ead42543bf6109f3fe45fa491687967664f8e53108  052_more_theme_tags.sql
8a1b398dd8f77f91d181af48714287c9e17ef70b3a7a22d1b4f31f490b3721f9  053_create_passage_practice.sql
b3dc5861be09075ec3be8e2887b94a7b051a741429e97414c48943c347577251  054_passages_as_independent_material.sql
55b35977efdb8366e6f95019b123dca5c5fe693fcc49c32fa5189967d38c2b27  055_passage_question_sets.sql
8512db97b35472e9e9ad3ad79292309e151f5a9b9cc62d56eb1cabf16975d4e4  056_study_plan_passages.sql
7b9e3410a9fe7bceec70a9b616d4bf1a6075cc83e68f57ccb0ec4c9e0b2ce6ce  057_passage_origin.sql
fb00125c3f97784936f57914be78f4b4351f87b13135699dc11ad83f055e146d  058_drop_word_explanations.sql
6e576a70681553fcbdfda245b128a0b182be020ea2786f9bb26dcd5a88a53792  059_videos.sql
6809fe42f5a8562fc37e8f40864c0298fc2f831868424d8f1919e5bf40b69765  060_material_tags.sql
4214ae622267a60ed26530a3fa216b406121d991ab1b4f63c4bd5b915ec8d083  061_video_plans.sql
024f55d420b647191912aee66981da5d717cbfcf80b97380c02d81384ef80502  062_drop_tag_icons.sql
74316596cf26e30d7e8002171e905ace16d7d50f731c54102002c606aa330d4d  063_word_cards.sql
9ed49a09d42b752a52bcf954208770d1eeac392479969f7a020b7f4a3c1c6d11  064_vocabulary_phrases.sql
